
Microsoft Visual Studio Solution File, Format Version 12.00
Project("{2150E333-8FDC-42A3-9474-1A3956D46DE8}") = "src", "src", "{E6142D69-FCBB-4D14-AC9C-7BAE98E728F5}"
EndProject
Project("{2150E333-8FDC-42A3-9474-1A3956D46DE8}") = "MicroService", "MicroService", "{77DD3A47-63F7-432B-BE37-31A17B3E527A}"
EndProject
Project("{FAE04EC0-301F-11D3-BF4B-00C04F79EFBC}") = "Domain", "src\MicroService\Domain\Domain.csproj", "{32F54434-6B91-4AE0-9121-9098386C355C}"
EndProject
Project("{FAE04EC0-301F-11D3-BF4B-00C04F79EFBC}") = "Application", "src\MicroService\Application\Application.csproj", "{538BF6A3-749D-4894-9BCD-C2928876FFF9}"
EndProject
Project("{FAE04EC0-301F-11D3-BF4B-00C04F79EFBC}") = "Repository", "src\MicroService\Repository\Repository.csproj", "{9116CAA7-471A-4D80-B485-6DFA51744A35}"
EndProject
Project("{FAE04EC0-301F-11D3-BF4B-00C04F79EFBC}") = "ServiceHost", "src\MicroService\ServiceHost\ServiceHost.csproj", "{DCFD49B6-3E4C-4DD4-A927-8BC0065BA9AD}"
EndProject
Project("{2150E333-8FDC-42A3-9474-1A3956D46DE8}") = "BackendForFrontend", "BackendForFrontend", "{7D71FBF4-8129-4F0F-A673-AD930A177CEA}"
EndProject
Project("{FAE04EC0-301F-11D3-BF4B-00C04F79EFBC}") = "QueryService", "src\BackendForFrontend\QueryService\QueryService.csproj", "{DE6B15A3-F8D9-4D94-B432-4CBB06A87154}"
EndProject
Project("{FAE04EC0-301F-11D3-BF4B-00C04F79EFBC}") = "BackendForBrowser", "src\BackendForFrontend\BackendForBrowser\BackendForBrowser.csproj", "{608CA240-69F9-4C22-962A-2E60184FE06B}"
EndProject
Global
	GlobalSection(SolutionConfigurationPlatforms) = preSolution
		Debug|Any CPU = Debug|Any CPU
		Release|Any CPU = Release|Any CPU
	EndGlobalSection
	GlobalSection(ProjectConfigurationPlatforms) = postSolution
		{32F54434-6B91-4AE0-9121-9098386C355C}.Debug|Any CPU.ActiveCfg = Debug|Any CPU
		{32F54434-6B91-4AE0-9121-9098386C355C}.Debug|Any CPU.Build.0 = Debug|Any CPU
		{32F54434-6B91-4AE0-9121-9098386C355C}.Release|Any CPU.ActiveCfg = Release|Any CPU
		{32F54434-6B91-4AE0-9121-9098386C355C}.Release|Any CPU.Build.0 = Release|Any CPU
		{538BF6A3-749D-4894-9BCD-C2928876FFF9}.Debug|Any CPU.ActiveCfg = Debug|Any CPU
		{538BF6A3-749D-4894-9BCD-C2928876FFF9}.Debug|Any CPU.Build.0 = Debug|Any CPU
		{538BF6A3-749D-4894-9BCD-C2928876FFF9}.Release|Any CPU.ActiveCfg = Release|Any CPU
		{538BF6A3-749D-4894-9BCD-C2928876FFF9}.Release|Any CPU.Build.0 = Release|Any CPU
		{9116CAA7-471A-4D80-B485-6DFA51744A35}.Debug|Any CPU.ActiveCfg = Debug|Any CPU
		{9116CAA7-471A-4D80-B485-6DFA51744A35}.Debug|Any CPU.Build.0 = Debug|Any CPU
		{9116CAA7-471A-4D80-B485-6DFA51744A35}.Release|Any CPU.ActiveCfg = Release|Any CPU
		{9116CAA7-471A-4D80-B485-6DFA51744A35}.Release|Any CPU.Build.0 = Release|Any CPU
		{DCFD49B6-3E4C-4DD4-A927-8BC0065BA9AD}.Debug|Any CPU.ActiveCfg = Debug|Any CPU
		{DCFD49B6-3E4C-4DD4-A927-8BC0065BA9AD}.Debug|Any CPU.Build.0 = Debug|Any CPU
		{DCFD49B6-3E4C-4DD4-A927-8BC0065BA9AD}.Release|Any CPU.ActiveCfg = Release|Any CPU
		{DCFD49B6-3E4C-4DD4-A927-8BC0065BA9AD}.Release|Any CPU.Build.0 = Release|Any CPU
		{DE6B15A3-F8D9-4D94-B432-4CBB06A87154}.Debug|Any CPU.ActiveCfg = Debug|Any CPU
		{DE6B15A3-F8D9-4D94-B432-4CBB06A87154}.Debug|Any CPU.Build.0 = Debug|Any CPU
		{DE6B15A3-F8D9-4D94-B432-4CBB06A87154}.Release|Any CPU.ActiveCfg = Release|Any CPU
		{DE6B15A3-F8D9-4D94-B432-4CBB06A87154}.Release|Any CPU.Build.0 = Release|Any CPU
		{608CA240-69F9-4C22-962A-2E60184FE06B}.Debug|Any CPU.ActiveCfg = Debug|Any CPU
		{608CA240-69F9-4C22-962A-2E60184FE06B}.Debug|Any CPU.Build.0 = Debug|Any CPU
		{608CA240-69F9-4C22-962A-2E60184FE06B}.Release|Any CPU.ActiveCfg = Release|Any CPU
		{608CA240-69F9-4C22-962A-2E60184FE06B}.Release|Any CPU.Build.0 = Release|Any CPU
	EndGlobalSection
	GlobalSection(NestedProjects) = preSolution
		{77DD3A47-63F7-432B-BE37-31A17B3E527A} = {E6142D69-FCBB-4D14-AC9C-7BAE98E728F5}
		{32F54434-6B91-4AE0-9121-9098386C355C} = {77DD3A47-63F7-432B-BE37-31A17B3E527A}
		{538BF6A3-749D-4894-9BCD-C2928876FFF9} = {77DD3A47-63F7-432B-BE37-31A17B3E527A}
		{9116CAA7-471A-4D80-B485-6DFA51744A35} = {77DD3A47-63F7-432B-BE37-31A17B3E527A}
		{DCFD49B6-3E4C-4DD4-A927-8BC0065BA9AD} = {77DD3A47-63F7-432B-BE37-31A17B3E527A}
		{7D71FBF4-8129-4F0F-A673-AD930A177CEA} = {E6142D69-FCBB-4D14-AC9C-7BAE98E728F5}
		{DE6B15A3-F8D9-4D94-B432-4CBB06A87154} = {7D71FBF4-8129-4F0F-A673-AD930A177CEA}
		{608CA240-69F9-4C22-962A-2E60184FE06B} = {7D71FBF4-8129-4F0F-A673-AD930A177CEA}
	EndGlobalSection
EndGlobal
